<Solution>
  <Project Path="ExecutiveBriefing.Api/ExecutiveBriefing.Api.csproj" Id="c7ee660d-2bcf-48ef-8b29-b423e7c0cebc" />
  <Project Path="ExecutiveBriefing.ApplicationServices/ExecutiveBriefing.ApplicationServices.csproj" />
  <Project Path="ExecutiveBriefing.Domain/ExecutiveBriefing.Domain.csproj" />
  <Project Path="ExecutiveBriefing.Infrastructure/ExecutiveBriefing.Infrastructure.csproj" />
  <Project Path="ExecutiveBriefing.Domain.Tests/ExecutiveBriefing.Domain.Tests.csproj" />
  <Project Path="ExecutiveBriefing.ApplicationServices.Tests/ExecutiveBriefing.ApplicationServices.Tests.csproj" />
  <Project Path="ExecutiveBriefing.Infrastructure.Tests/ExecutiveBriefing.Infrastructure.Tests.csproj" />
</Solution>
